
Microsoft Visual Studio Solution File, Format Version 12.00
# Visual Studio Version 16
VisualStudioVersion = 16.0.809.8
MinimumVisualStudioVersion = 10.0.40219.1
Project("{2150E333-8FDC-42A3-9474-1A3956D46DE8}") = "Solution Items", "Solution Items", "{6E265D1C-835D-470A-A48E-5A35B613EC74}"
	ProjectSection(SolutionItems) = preProject
		.gitignore = .gitignore
		README.md = README.md
	EndProjectSection
EndProject
Project("{FAE04EC0-301F-11D3-BF4B-00C04F79EFBC}") = "BracketParser.Lib", "BracketParser.Lib\BracketParser.Lib.csproj", "{4CF9AB8E-4AB9-4539-87D8-0472F5BCA334}"
EndProject
Project("{FAE04EC0-301F-11D3-BF4B-00C04F79EFBC}") = "BracketParser.Lib.Tests", "BracketParser.Lib.Tests\BracketParser.Lib.Tests.csproj", "{D743E88A-BA38-436B-8B6B-8C0C1145C3E3}"
EndProject
Global
	GlobalSection(SolutionConfigurationPlatforms) = preSolution
		Debug|Any CPU = Debug|Any CPU
		Release|Any CPU = Release|Any CPU
	EndGlobalSection
	GlobalSection(ProjectConfigurationPlatforms) = postSolution
		{4CF9AB8E-4AB9-4539-87D8-0472F5BCA334}.Debug|Any CPU.ActiveCfg = Debug|Any CPU
		{4CF9AB8E-4AB9-4539-87D8-0472F5BCA334}.Debug|Any CPU.Build.0 = Debug|Any CPU
		{4CF9AB8E-4AB9-4539-87D8-0472F5BCA334}.Release|Any CPU.ActiveCfg = Release|Any CPU
		{4CF9AB8E-4AB9-4539-87D8-0472F5BCA334}.Release|Any CPU.Build.0 = Release|Any CPU
		{D743E88A-BA38-436B-8B6B-8C0C1145C3E3}.Debug|Any CPU.ActiveCfg = Debug|Any CPU
		{D743E88A-BA38-436B-8B6B-8C0C1145C3E3}.Debug|Any CPU.Build.0 = Debug|Any CPU
		{D743E88A-BA38-436B-8B6B-8C0C1145C3E3}.Release|Any CPU.ActiveCfg = Release|Any CPU
		{D743E88A-BA38-436B-8B6B-8C0C1145C3E3}.Release|Any CPU.Build.0 = Release|Any CPU
	EndGlobalSection
	GlobalSection(SolutionProperties) = preSolution
		HideSolutionNode = FALSE
	EndGlobalSection
	GlobalSection(ExtensibilityGlobals) = postSolution
		SolutionGuid = {8D8FEE9A-EAAB-4747-B84E-B53D463F4304}
	EndGlobalSection
EndGlobal
